
Microsoft Visual Studio Solution File, Format Version 12.00
# Visual Studio Version 17
VisualStudioVersion = 17.0.31903.59
MinimumVisualStudioVersion = 10.0.40219.1
Project("{2150E333-8FDC-42A3-9474-1A3956D46DE8}") = "src", "src", "{827E0CD3-B72D-47B6-A68D-7590B98EB39B}"
EndProject
Project("{2150E333-8FDC-42A3-9474-1A3956D46DE8}") = "Plugins", "Plugins", "{58D3A2C3-F96F-5E57-2C6B-ECE59D6A18FC}"
EndProject
Project("{FAE04EC0-301F-11D3-BF4B-00C04F79EFBC}") = "Dcms.Plugins.Analytics", "src\Plugins\Dcms.Plugins.Analytics\Dcms.Plugins.Analytics.csproj", "{E01A6BE9-FAF3-44C2-8162-C205CDB1B09E}"
EndProject
Project("{2150E333-8FDC-42A3-9474-1A3956D46DE8}") = "PluginSdk", "PluginSdk", "{A68756C1-1F17-FB0A-6708-BC0B4678B5F6}"
EndProject
Project("{FAE04EC0-301F-11D3-BF4B-00C04F79EFBC}") = "Dcms.PluginSdk.Abstractions", "src\PluginSdk\Dcms.PluginSdk.Abstractions\Dcms.PluginSdk.Abstractions.csproj", "{C31BC7F0-C1C3-4881-91A2-DEE3D2AF9E57}"
EndProject
Project("{2150E333-8FDC-42A3-9474-1A3956D46DE8}") = "Shared", "Shared", "{C8E42992-5E42-0C2B-DBFE-AA848D06431C}"
EndProject
Project("{FAE04EC0-301F-11D3-BF4B-00C04F79EFBC}") = "Dcms.Shared.Kernel", "src\Shared\Dcms.Shared.Kernel\Dcms.Shared.Kernel.csproj", "{3FAEEB3C-3A64-45E7-B952-3B1682EC63C0}"
EndProject
Project("{FAE04EC0-301F-11D3-BF4B-00C04F79EFBC}") = "Dcms.Plugins.Articles", "src\Plugins\Dcms.Plugins.Articles\Dcms.Plugins.Articles.csproj", "{1D799BF7-942C-4FE5-8956-182BCB9577F2}"
EndProject
Project("{FAE04EC0-301F-11D3-BF4B-00C04F79EFBC}") = "Dcms.Plugins.AudioLibrary", "src\Plugins\Dcms.Plugins.AudioLibrary\Dcms.Plugins.AudioLibrary.csproj", "{AC965C34-8256-42B8-BE70-90369D5265AE}"
EndProject
Project("{FAE04EC0-301F-11D3-BF4B-00C04F79EFBC}") = "Dcms.Plugins.Blog", "src\Plugins\Dcms.Plugins.Blog\Dcms.Plugins.Blog.csproj", "{787A4E99-8A6A-432E-BC18-5717FB79D8B4}"
EndProject
Project("{FAE04EC0-301F-11D3-BF4B-00C04F79EFBC}") = "Dcms.Plugins.Carousel", "src\Plugins\Dcms.Plugins.Carousel\Dcms.Plugins.Carousel.csproj", "{8FF177F0-D828-4DBF-A361-C5E9B6A9DFA9}"
EndProject
Project("{FAE04EC0-301F-11D3-BF4B-00C04F79EFBC}") = "Dcms.Plugins.FileDownloads", "src\Plugins\Dcms.Plugins.FileDownloads\Dcms.Plugins.FileDownloads.csproj", "{19DD6B80-852B-4E6E-AEEA-6FA80292398F}"
EndProject
Project("{FAE04EC0-301F-11D3-BF4B-00C04F79EFBC}") = "Dcms.Plugins.ImageGallery", "src\Plugins\Dcms.Plugins.ImageGallery\Dcms.Plugins.ImageGallery.csproj", "{1C6CE62D-A66D-4084-8394-50965C8ED789}"
EndProject
Project("{FAE04EC0-301F-11D3-BF4B-00C04F79EFBC}") = "Dcms.Plugins.LiveChat", "src\Plugins\Dcms.Plugins.LiveChat\Dcms.Plugins.LiveChat.csproj", "{0F90CA61-71D4-4211-B5DD-4990E5A9B2E0}"
EndProject
Project("{FAE04EC0-301F-11D3-BF4B-00C04F79EFBC}") = "Dcms.Plugins.Search", "src\Plugins\Dcms.Plugins.Search\Dcms.Plugins.Search.csproj", "{9FD908FD-9135-429E-B6DE-17B574BF63D6}"
EndProject
Project("{FAE04EC0-301F-11D3-BF4B-00C04F79EFBC}") = "Dcms.Plugins.VideoGallery", "src\Plugins\Dcms.Plugins.VideoGallery\Dcms.Plugins.VideoGallery.csproj", "{A6525ECC-BEA2-41D6-A766-4330B96E473F}"
EndProject
Project("{FAE04EC0-301F-11D3-BF4B-00C04F79EFBC}") = "Dcms.Plugins.VideoStreaming", "src\Plugins\Dcms.Plugins.VideoStreaming\Dcms.Plugins.VideoStreaming.csproj", "{E6815A05-9EAF-4B6F-A185-4779CA2703A0}"
EndProject
Project("{FAE04EC0-301F-11D3-BF4B-00C04F79EFBC}") = "Dcms.Plugins.VisitorAuth", "src\Plugins\Dcms.Plugins.VisitorAuth\Dcms.Plugins.VisitorAuth.csproj", "{A5A7D9D5-E7E1-4BD9-91C0-ACE9FEB04549}"
EndProject
Project("{FAE04EC0-301F-11D3-BF4B-00C04F79EFBC}") = "Dcms.PluginSdk.Runtime", "src\PluginSdk\Dcms.PluginSdk.Runtime\Dcms.PluginSdk.Runtime.csproj", "{5A11CE39-BE71-4690-A130-678AE89C839C}"
EndProject
Project("{FAE04EC0-301F-11D3-BF4B-00C04F79EFBC}") = "Dcms.Shared.Caching", "src\Shared\Dcms.Shared.Caching\Dcms.Shared.Caching.csproj", "{B672C39D-B8A1-48DF-BF09-C5B2DAD021F2}"
EndProject
Project("{FAE04EC0-301F-11D3-BF4B-00C04F79EFBC}") = "Dcms.Shared.Contracts", "src\Shared\Dcms.Shared.Contracts\Dcms.Shared.Contracts.csproj", "{02E2CBAC-3DAE-4945-A81B-87AAE8F99D66}"
EndProject
Project("{FAE04EC0-301F-11D3-BF4B-00C04F79EFBC}") = "Dcms.Shared.Messaging", "src\Shared\Dcms.Shared.Messaging\Dcms.Shared.Messaging.csproj", "{2AEBBB0B-3E0C-4CDD-B1E8-D3891E2CBE47}"
EndProject
Project("{FAE04EC0-301F-11D3-BF4B-00C04F79EFBC}") = "Dcms.Shared.Security", "src\Shared\Dcms.Shared.Security\Dcms.Shared.Security.csproj", "{CDE0CE27-EC4B-4BCE-B9D9-BAE6564BE8AE}"
EndProject
Project("{2150E333-8FDC-42A3-9474-1A3956D46DE8}") = "Services", "Services", "{984BB9B3-3FA3-BE33-9484-CAC21695A33C}"
EndProject
Project("{FAE04EC0-301F-11D3-BF4B-00C04F79EFBC}") = "Dcms.AdminApi", "src\Services\Dcms.AdminApi\Dcms.AdminApi.csproj", "{86DCC08F-F0B8-444B-A72D-645A2903E9B1}"
EndProject
Project("{FAE04EC0-301F-11D3-BF4B-00C04F79EFBC}") = "Dcms.Shared.Data", "src\Shared\Dcms.Shared.Data\Dcms.Shared.Data.csproj", "{F908B094-109F-4980-8375-715FFF200595}"
EndProject
Project("{FAE04EC0-301F-11D3-BF4B-00C04F79EFBC}") = "Dcms.Shared.Hosting", "src\Shared\Dcms.Shared.Hosting\Dcms.Shared.Hosting.csproj", "{4F72F7B6-CDC4-4FB2-B49C-1F2A636D322D}"
EndProject
Project("{FAE04EC0-301F-11D3-BF4B-00C04F79EFBC}") = "Dcms.Shared.Vault", "src\Shared\Dcms.Shared.Vault\Dcms.Shared.Vault.csproj", "{2D8B292A-D4EC-4F70-A4E8-F859233DD7BA}"
EndProject
Project("{FAE04EC0-301F-11D3-BF4B-00C04F79EFBC}") = "Dcms.Shared.Storage", "src\Shared\Dcms.Shared.Storage\Dcms.Shared.Storage.csproj", "{25ADF5FE-4AE0-4321-B227-97B8595DC553}"
EndProject
Project("{FAE04EC0-301F-11D3-BF4B-00C04F79EFBC}") = "Dcms.AiGateway", "src\Services\Dcms.AiGateway\Dcms.AiGateway.csproj", "{177421D2-F790-4651-8D43-73D901E4B98A}"
EndProject
Project("{FAE04EC0-301F-11D3-BF4B-00C04F79EFBC}") = "Dcms.ContentApi", "src\Services\Dcms.ContentApi\Dcms.ContentApi.csproj", "{4DA34192-BE3E-49EE-B240-19B436F8AB6A}"
EndProject
Project("{FAE04EC0-301F-11D3-BF4B-00C04F79EFBC}") = "Dcms.Identity", "src\Services\Dcms.Identity\Dcms.Identity.csproj", "{2A4DDC1A-3E9B-46E3-9199-ACD27E5C3199}"
EndProject
Project("{FAE04EC0-301F-11D3-BF4B-00C04F79EFBC}") = "Dcms.MediaWorker", "src\Services\Dcms.MediaWorker\Dcms.MediaWorker.csproj", "{78A1B56F-4742-4CB7-AB83-92C9ABE9C273}"
EndProject
Project("{FAE04EC0-301F-11D3-BF4B-00C04F79EFBC}") = "Dcms.SiteBuilder", "src\Services\Dcms.SiteBuilder\Dcms.SiteBuilder.csproj", "{EE15F4B5-5E2E-4B28-AAE3-75668C5E4BC4}"
EndProject
Project("{FAE04EC0-301F-11D3-BF4B-00C04F79EFBC}") = "Dcms.SiteHost", "src\Services\Dcms.SiteHost\Dcms.SiteHost.csproj", "{1EA29E74-54ED-4A36-B26C-179A64565E02}"
EndProject
Project("{2150E333-8FDC-42A3-9474-1A3956D46DE8}") = "tests", "tests", "{0AB3BF05-4346-4AA6-1389-037BE0695223}"
EndProject
Project("{FAE04EC0-301F-11D3-BF4B-00C04F79EFBC}") = "Dcms.IntegrationTests", "tests\Dcms.IntegrationTests\Dcms.IntegrationTests.csproj", "{15677ED8-088A-42DA-A9DB-68CE196BC741}"
EndProject
Project("{FAE04EC0-301F-11D3-BF4B-00C04F79EFBC}") = "Dcms.PluginSdk.Tests", "tests\Dcms.PluginSdk.Tests\Dcms.PluginSdk.Tests.csproj", "{16B97F97-6706-4FC5-AF72-F97383CB6DC9}"
EndProject
Project("{FAE04EC0-301F-11D3-BF4B-00C04F79EFBC}") = "Dcms.UnitTests", "tests\Dcms.UnitTests\Dcms.UnitTests.csproj", "{9B92567A-7936-44BF-939E-7C47758FB928}"
EndProject
Project("{FAE04EC0-301F-11D3-BF4B-00C04F79EFBC}") = "Dcms.Plugins.All", "src\Plugins\Dcms.Plugins.All\Dcms.Plugins.All.csproj", "{1F3E1EEF-9E03-4E54-9868-D23E86687DF0}"
EndProject
Project("{FAE04EC0-301F-11D3-BF4B-00C04F79EFBC}") = "Dcms.Shared.Media", "src\Shared\Dcms.Shared.Media\Dcms.Shared.Media.csproj", "{2F9CA5F7-A925-4BB1-BE22-E855028E37B9}"
EndProject
Project("{FAE04EC0-301F-11D3-BF4B-00C04F79EFBC}") = "Dcms.Plugins.Events", "src\Plugins\Dcms.Plugins.Events\Dcms.Plugins.Events.csproj", "{76447D86-48BB-46B6-92F7-DCAFDA03AD92}"
EndProject
Project("{FAE04EC0-301F-11D3-BF4B-00C04F79EFBC}") = "Dcms.Plugins.Forms", "src\Plugins\Dcms.Plugins.Forms\Dcms.Plugins.Forms.csproj", "{E2E46793-EA12-4ACE-99E3-1499A408C329}"
EndProject
Project("{FAE04EC0-301F-11D3-BF4B-00C04F79EFBC}") = "Dcms.Plugins.Roster", "src\Plugins\Dcms.Plugins.Roster\Dcms.Plugins.Roster.csproj", "{4B537319-D258-4B7F-825A-922CAC44CD17}"
EndProject
Project("{FAE04EC0-301F-11D3-BF4B-00C04F79EFBC}") = "Dcms.Plugins.Branding", "src\Plugins\Dcms.Plugins.Branding\Dcms.Plugins.Branding.csproj", "{4FCD7155-6626-4236-9C35-B8B10A438772}"
EndProject
Project("{2150E333-8FDC-42A3-9474-1A3956D46DE8}") = "Services", "Services", "{5854FF58-B8C5-05C6-5BF2-ACE42193F22B}"
EndProject
Project("{FAE04EC0-301F-11D3-BF4B-00C04F79EFBC}") = "Dcms.EmailWorker", "src\Services\Dcms.EmailWorker\Dcms.EmailWorker.csproj", "{1617B984-5915-4970-A53D-EA78E76F21A1}"
EndProject
Global
	GlobalSection(SolutionConfigurationPlatforms) = preSolution
		Debug|Any CPU = Debug|Any CPU
		Debug|x64 = Debug|x64
		Debug|x86 = Debug|x86
		Release|Any CPU = Release|Any CPU
		Release|x64 = Release|x64
		Release|x86 = Release|x86
	EndGlobalSection
	GlobalSection(ProjectConfigurationPlatforms) = postSolution
		{E01A6BE9-FAF3-44C2-8162-C205CDB1B09E}.Debug|Any CPU.ActiveCfg = Debug|Any CPU
		{E01A6BE9-FAF3-44C2-8162-C205CDB1B09E}.Debug|Any CPU.Build.0 = Debug|Any CPU
		{E01A6BE9-FAF3-44C2-8162-C205CDB1B09E}.Debug|x64.ActiveCfg = Debug|Any CPU
		{E01A6BE9-FAF3-44C2-8162-C205CDB1B09E}.Debug|x64.Build.0 = Debug|Any CPU
		{E01A6BE9-FAF3-44C2-8162-C205CDB1B09E}.Debug|x86.ActiveCfg = Debug|Any CPU
		{E01A6BE9-FAF3-44C2-8162-C205CDB1B09E}.Debug|x86.Build.0 = Debug|Any CPU
		{E01A6BE9-FAF3-44C2-8162-C205CDB1B09E}.Release|Any CPU.ActiveCfg = Release|Any CPU
		{E01A6BE9-FAF3-44C2-8162-C205CDB1B09E}.Release|Any CPU.Build.0 = Release|Any CPU
		{E01A6BE9-FAF3-44C2-8162-C205CDB1B09E}.Release|x64.ActiveCfg = Release|Any CPU
		{E01A6BE9-FAF3-44C2-8162-C205CDB1B09E}.Release|x64.Build.0 = Release|Any CPU
		{E01A6BE9-FAF3-44C2-8162-C205CDB1B09E}.Release|x86.ActiveCfg = Release|Any CPU
		{E01A6BE9-FAF3-44C2-8162-C205CDB1B09E}.Release|x86.Build.0 = Release|Any CPU
		{C31BC7F0-C1C3-4881-91A2-DEE3D2AF9E57}.Debug|Any CPU.ActiveCfg = Debug|Any CPU
		{C31BC7F0-C1C3-4881-91A2-DEE3D2AF9E57}.Debug|Any CPU.Build.0 = Debug|Any CPU
		{C31BC7F0-C1C3-4881-91A2-DEE3D2AF9E57}.Debug|x64.ActiveCfg = Debug|Any CPU
		{C31BC7F0-C1C3-4881-91A2-DEE3D2AF9E57}.Debug|x64.Build.0 = Debug|Any CPU
		{C31BC7F0-C1C3-4881-91A2-DEE3D2AF9E57}.Debug|x86.ActiveCfg = Debug|Any CPU
		{C31BC7F0-C1C3-4881-91A2-DEE3D2AF9E57}.Debug|x86.Build.0 = Debug|Any CPU
		{C31BC7F0-C1C3-4881-91A2-DEE3D2AF9E57}.Release|Any CPU.ActiveCfg = Release|Any CPU
		{C31BC7F0-C1C3-4881-91A2-DEE3D2AF9E57}.Release|Any CPU.Build.0 = Release|Any CPU
		{C31BC7F0-C1C3-4881-91A2-DEE3D2AF9E57}.Release|x64.ActiveCfg = Release|Any CPU
		{C31BC7F0-C1C3-4881-91A2-DEE3D2AF9E57}.Release|x64.Build.0 = Release|Any CPU
		{C31BC7F0-C1C3-4881-91A2-DEE3D2AF9E57}.Release|x86.ActiveCfg = Release|Any CPU
		{C31BC7F0-C1C3-4881-91A2-DEE3D2AF9E57}.Release|x86.Build.0 = Release|Any CPU
		{3FAEEB3C-3A64-45E7-B952-3B1682EC63C0}.Debug|Any CPU.ActiveCfg = Debug|Any CPU
		{3FAEEB3C-3A64-45E7-B952-3B1682EC63C0}.Debug|Any CPU.Build.0 = Debug|Any CPU
		{3FAEEB3C-3A64-45E7-B952-3B1682EC63C0}.Debug|x64.ActiveCfg = Debug|Any CPU
		{3FAEEB3C-3A64-45E7-B952-3B1682EC63C0}.Debug|x64.Build.0 = Debug|Any CPU
		{3FAEEB3C-3A64-45E7-B952-3B1682EC63C0}.Debug|x86.ActiveCfg = Debug|Any CPU
		{3FAEEB3C-3A64-45E7-B952-3B1682EC63C0}.Debug|x86.Build.0 = Debug|Any CPU
		{3FAEEB3C-3A64-45E7-B952-3B1682EC63C0}.Release|Any CPU.ActiveCfg = Release|Any CPU
		{3FAEEB3C-3A64-45E7-B952-3B1682EC63C0}.Release|Any CPU.Build.0 = Release|Any CPU
		{3FAEEB3C-3A64-45E7-B952-3B1682EC63C0}.Release|x64.ActiveCfg = Release|Any CPU
		{3FAEEB3C-3A64-45E7-B952-3B1682EC63C0}.Release|x64.Build.0 = Release|Any CPU
		{3FAEEB3C-3A64-45E7-B952-3B1682EC63C0}.Release|x86.ActiveCfg = Release|Any CPU
		{3FAEEB3C-3A64-45E7-B952-3B1682EC63C0}.Release|x86.Build.0 = Release|Any CPU
		{1D799BF7-942C-4FE5-8956-182BCB9577F2}.Debug|Any CPU.ActiveCfg = Debug|Any CPU
		{1D799BF7-942C-4FE5-8956-182BCB9577F2}.Debug|Any CPU.Build.0 = Debug|Any CPU
		{1D799BF7-942C-4FE5-8956-182BCB9577F2}.Debug|x64.ActiveCfg = Debug|Any CPU
		{1D799BF7-942C-4FE5-8956-182BCB9577F2}.Debug|x64.Build.0 = Debug|Any CPU
		{1D799BF7-942C-4FE5-8956-182BCB9577F2}.Debug|x86.ActiveCfg = Debug|Any CPU
		{1D799BF7-942C-4FE5-8956-182BCB9577F2}.Debug|x86.Build.0 = Debug|Any CPU
		{1D799BF7-942C-4FE5-8956-182BCB9577F2}.Release|Any CPU.ActiveCfg = Release|Any CPU
		{1D799BF7-942C-4FE5-8956-182BCB9577F2}.Release|Any CPU.Build.0 = Release|Any CPU
		{1D799BF7-942C-4FE5-8956-182BCB9577F2}.Release|x64.ActiveCfg = Release|Any CPU
		{1D799BF7-942C-4FE5-8956-182BCB9577F2}.Release|x64.Build.0 = Release|Any CPU
		{1D799BF7-942C-4FE5-8956-182BCB9577F2}.Release|x86.ActiveCfg = Release|Any CPU
		{1D799BF7-942C-4FE5-8956-182BCB9577F2}.Release|x86.Build.0 = Release|Any CPU
		{AC965C34-8256-42B8-BE70-90369D5265AE}.Debug|Any CPU.ActiveCfg = Debug|Any CPU
		{AC965C34-8256-42B8-BE70-90369D5265AE}.Debug|Any CPU.Build.0 = Debug|Any CPU
		{AC965C34-8256-42B8-BE70-90369D5265AE}.Debug|x64.ActiveCfg = Debug|Any CPU
		{AC965C34-8256-42B8-BE70-90369D5265AE}.Debug|x64.Build.0 = Debug|Any CPU
		{AC965C34-8256-42B8-BE70-90369D5265AE}.Debug|x86.ActiveCfg = Debug|Any CPU
		{AC965C34-8256-42B8-BE70-90369D5265AE}.Debug|x86.Build.0 = Debug|Any CPU
		{AC965C34-8256-42B8-BE70-90369D5265AE}.Release|Any CPU.ActiveCfg = Release|Any CPU
		{AC965C34-8256-42B8-BE70-90369D5265AE}.Release|Any CPU.Build.0 = Release|Any CPU
		{AC965C34-8256-42B8-BE70-90369D5265AE}.Release|x64.ActiveCfg = Release|Any CPU
		{AC965C34-8256-42B8-BE70-90369D5265AE}.Release|x64.Build.0 = Release|Any CPU
		{AC965C34-8256-42B8-BE70-90369D5265AE}.Release|x86.ActiveCfg = Release|Any CPU
		{AC965C34-8256-42B8-BE70-90369D5265AE}.Release|x86.Build.0 = Release|Any CPU
		{787A4E99-8A6A-432E-BC18-5717FB79D8B4}.Debug|Any CPU.ActiveCfg = Debug|Any CPU
		{787A4E99-8A6A-432E-BC18-5717FB79D8B4}.Debug|Any CPU.Build.0 = Debug|Any CPU
		{787A4E99-8A6A-432E-BC18-5717FB79D8B4}.Debug|x64.ActiveCfg = Debug|Any CPU
		{787A4E99-8A6A-432E-BC18-5717FB79D8B4}.Debug|x64.Build.0 = Debug|Any CPU
		{787A4E99-8A6A-432E-BC18-5717FB79D8B4}.Debug|x86.ActiveCfg = Debug|Any CPU
		{787A4E99-8A6A-432E-BC18-5717FB79D8B4}.Debug|x86.Build.0 = Debug|Any CPU
		{787A4E99-8A6A-432E-BC18-5717FB79D8B4}.Release|Any CPU.ActiveCfg = Release|Any CPU
		{787A4E99-8A6A-432E-BC18-5717FB79D8B4}.Release|Any CPU.Build.0 = Release|Any CPU
		{787A4E99-8A6A-432E-BC18-5717FB79D8B4}.Release|x64.ActiveCfg = Release|Any CPU
		{787A4E99-8A6A-432E-BC18-5717FB79D8B4}.Release|x64.Build.0 = Release|Any CPU
		{787A4E99-8A6A-432E-BC18-5717FB79D8B4}.Release|x86.ActiveCfg = Release|Any CPU
		{787A4E99-8A6A-432E-BC18-5717FB79D8B4}.Release|x86.Build.0 = Release|Any CPU
		{8FF177F0-D828-4DBF-A361-C5E9B6A9DFA9}.Debug|Any CPU.ActiveCfg = Debug|Any CPU
		{8FF177F0-D828-4DBF-A361-C5E9B6A9DFA9}.Debug|Any CPU.Build.0 = Debug|Any CPU
		{8FF177F0-D828-4DBF-A361-C5E9B6A9DFA9}.Debug|x64.ActiveCfg = Debug|Any CPU
		{8FF177F0-D828-4DBF-A361-C5E9B6A9DFA9}.Debug|x64.Build.0 = Debug|Any CPU
		{8FF177F0-D828-4DBF-A361-C5E9B6A9DFA9}.Debug|x86.ActiveCfg = Debug|Any CPU
		{8FF177F0-D828-4DBF-A361-C5E9B6A9DFA9}.Debug|x86.Build.0 = Debug|Any CPU
		{8FF177F0-D828-4DBF-A361-C5E9B6A9DFA9}.Release|Any CPU.ActiveCfg = Release|Any CPU
		{8FF177F0-D828-4DBF-A361-C5E9B6A9DFA9}.Release|Any CPU.Build.0 = Release|Any CPU
		{8FF177F0-D828-4DBF-A361-C5E9B6A9DFA9}.Release|x64.ActiveCfg = Release|Any CPU
		{8FF177F0-D828-4DBF-A361-C5E9B6A9DFA9}.Release|x64.Build.0 = Release|Any CPU
		{8FF177F0-D828-4DBF-A361-C5E9B6A9DFA9}.Release|x86.ActiveCfg = Release|Any CPU
		{8FF177F0-D828-4DBF-A361-C5E9B6A9DFA9}.Release|x86.Build.0 = Release|Any CPU
		{19DD6B80-852B-4E6E-AEEA-6FA80292398F}.Debug|Any CPU.ActiveCfg = Debug|Any CPU
		{19DD6B80-852B-4E6E-AEEA-6FA80292398F}.Debug|Any CPU.Build.0 = Debug|Any CPU
		{19DD6B80-852B-4E6E-AEEA-6FA80292398F}.Debug|x64.ActiveCfg = Debug|Any CPU
		{19DD6B80-852B-4E6E-AEEA-6FA80292398F}.Debug|x64.Build.0 = Debug|Any CPU
		{19DD6B80-852B-4E6E-AEEA-6FA80292398F}.Debug|x86.ActiveCfg = Debug|Any CPU
		{19DD6B80-852B-4E6E-AEEA-6FA80292398F}.Debug|x86.Build.0 = Debug|Any CPU
		{19DD6B80-852B-4E6E-AEEA-6FA80292398F}.Release|Any CPU.ActiveCfg = Release|Any CPU
		{19DD6B80-852B-4E6E-AEEA-6FA80292398F}.Release|Any CPU.Build.0 = Release|Any CPU
		{19DD6B80-852B-4E6E-AEEA-6FA80292398F}.Release|x64.ActiveCfg = Release|Any CPU
		{19DD6B80-852B-4E6E-AEEA-6FA80292398F}.Release|x64.Build.0 = Release|Any CPU
		{19DD6B80-852B-4E6E-AEEA-6FA80292398F}.Release|x86.ActiveCfg = Release|Any CPU
		{19DD6B80-852B-4E6E-AEEA-6FA80292398F}.Release|x86.Build.0 = Release|Any CPU
		{1C6CE62D-A66D-4084-8394-50965C8ED789}.Debug|Any CPU.ActiveCfg = Debug|Any CPU
		{1C6CE62D-A66D-4084-8394-50965C8ED789}.Debug|Any CPU.Build.0 = Debug|Any CPU
		{1C6CE62D-A66D-4084-8394-50965C8ED789}.Debug|x64.ActiveCfg = Debug|Any CPU
		{1C6CE62D-A66D-4084-8394-50965C8ED789}.Debug|x64.Build.0 = Debug|Any CPU
		{1C6CE62D-A66D-4084-8394-50965C8ED789}.Debug|x86.ActiveCfg = Debug|Any CPU
		{1C6CE62D-A66D-4084-8394-50965C8ED789}.Debug|x86.Build.0 = Debug|Any CPU
		{1C6CE62D-A66D-4084-8394-50965C8ED789}.Release|Any CPU.ActiveCfg = Release|Any CPU
		{1C6CE62D-A66D-4084-8394-50965C8ED789}.Release|Any CPU.Build.0 = Release|Any CPU
		{1C6CE62D-A66D-4084-8394-50965C8ED789}.Release|x64.ActiveCfg = Release|Any CPU
		{1C6CE62D-A66D-4084-8394-50965C8ED789}.Release|x64.Build.0 = Release|Any CPU
		{1C6CE62D-A66D-4084-8394-50965C8ED789}.Release|x86.ActiveCfg = Release|Any CPU
		{1C6CE62D-A66D-4084-8394-50965C8ED789}.Release|x86.Build.0 = Release|Any CPU
		{0F90CA61-71D4-4211-B5DD-4990E5A9B2E0}.Debug|Any CPU.ActiveCfg = Debug|Any CPU
		{0F90CA61-71D4-4211-B5DD-4990E5A9B2E0}.Debug|Any CPU.Build.0 = Debug|Any CPU
		{0F90CA61-71D4-4211-B5DD-4990E5A9B2E0}.Debug|x64.ActiveCfg = Debug|Any CPU
		{0F90CA61-71D4-4211-B5DD-4990E5A9B2E0}.Debug|x64.Build.0 = Debug|Any CPU
		{0F90CA61-71D4-4211-B5DD-4990E5A9B2E0}.Debug|x86.ActiveCfg = Debug|Any CPU
		{0F90CA61-71D4-4211-B5DD-4990E5A9B2E0}.Debug|x86.Build.0 = Debug|Any CPU
		{0F90CA61-71D4-4211-B5DD-4990E5A9B2E0}.Release|Any CPU.ActiveCfg = Release|Any CPU
		{0F90CA61-71D4-4211-B5DD-4990E5A9B2E0}.Release|Any CPU.Build.0 = Release|Any CPU
		{0F90CA61-71D4-4211-B5DD-4990E5A9B2E0}.Release|x64.ActiveCfg = Release|Any CPU
		{0F90CA61-71D4-4211-B5DD-4990E5A9B2E0}.Release|x64.Build.0 = Release|Any CPU
		{0F90CA61-71D4-4211-B5DD-4990E5A9B2E0}.Release|x86.ActiveCfg = Release|Any CPU
		{0F90CA61-71D4-4211-B5DD-4990E5A9B2E0}.Release|x86.Build.0 = Release|Any CPU
		{9FD908FD-9135-429E-B6DE-17B574BF63D6}.Debug|Any CPU.ActiveCfg = Debug|Any CPU
		{9FD908FD-9135-429E-B6DE-17B574BF63D6}.Debug|Any CPU.Build.0 = Debug|Any CPU
		{9FD908FD-9135-429E-B6DE-17B574BF63D6}.Debug|x64.ActiveCfg = Debug|Any CPU
		{9FD908FD-9135-429E-B6DE-17B574BF63D6}.Debug|x64.Build.0 = Debug|Any CPU
		{9FD908FD-9135-429E-B6DE-17B574BF63D6}.Debug|x86.ActiveCfg = Debug|Any CPU
		{9FD908FD-9135-429E-B6DE-17B574BF63D6}.Debug|x86.Build.0 = Debug|Any CPU
		{9FD908FD-9135-429E-B6DE-17B574BF63D6}.Release|Any CPU.ActiveCfg = Release|Any CPU
		{9FD908FD-9135-429E-B6DE-17B574BF63D6}.Release|Any CPU.Build.0 = Release|Any CPU
		{9FD908FD-9135-429E-B6DE-17B574BF63D6}.Release|x64.ActiveCfg = Release|Any CPU
		{9FD908FD-9135-429E-B6DE-17B574BF63D6}.Release|x64.Build.0 = Release|Any CPU
		{9FD908FD-9135-429E-B6DE-17B574BF63D6}.Release|x86.ActiveCfg = Release|Any CPU
		{9FD908FD-9135-429E-B6DE-17B574BF63D6}.Release|x86.Build.0 = Release|Any CPU
		{A6525ECC-BEA2-41D6-A766-4330B96E473F}.Debug|Any CPU.ActiveCfg = Debug|Any CPU
		{A6525ECC-BEA2-41D6-A766-4330B96E473F}.Debug|Any CPU.Build.0 = Debug|Any CPU
		{A6525ECC-BEA2-41D6-A766-4330B96E473F}.Debug|x64.ActiveCfg = Debug|Any CPU
		{A6525ECC-BEA2-41D6-A766-4330B96E473F}.Debug|x64.Build.0 = Debug|Any CPU
		{A6525ECC-BEA2-41D6-A766-4330B96E473F}.Debug|x86.ActiveCfg = Debug|Any CPU
		{A6525ECC-BEA2-41D6-A766-4330B96E473F}.Debug|x86.Build.0 = Debug|Any CPU
		{A6525ECC-BEA2-41D6-A766-4330B96E473F}.Release|Any CPU.ActiveCfg = Release|Any CPU
		{A6525ECC-BEA2-41D6-A766-4330B96E473F}.Release|Any CPU.Build.0 = Release|Any CPU
		{A6525ECC-BEA2-41D6-A766-4330B96E473F}.Release|x64.ActiveCfg = Release|Any CPU
		{A6525ECC-BEA2-41D6-A766-4330B96E473F}.Release|x64.Build.0 = Release|Any CPU
		{A6525ECC-BEA2-41D6-A766-4330B96E473F}.Release|x86.ActiveCfg = Release|Any CPU
		{A6525ECC-BEA2-41D6-A766-4330B96E473F}.Release|x86.Build.0 = Release|Any CPU
		{E6815A05-9EAF-4B6F-A185-4779CA2703A0}.Debug|Any CPU.ActiveCfg = Debug|Any CPU
		{E6815A05-9EAF-4B6F-A185-4779CA2703A0}.Debug|Any CPU.Build.0 = Debug|Any CPU
		{E6815A05-9EAF-4B6F-A185-4779CA2703A0}.Debug|x64.ActiveCfg = Debug|Any CPU
		{E6815A05-9EAF-4B6F-A185-4779CA2703A0}.Debug|x64.Build.0 = Debug|Any CPU
		{E6815A05-9EAF-4B6F-A185-4779CA2703A0}.Debug|x86.ActiveCfg = Debug|Any CPU
		{E6815A05-9EAF-4B6F-A185-4779CA2703A0}.Debug|x86.Build.0 = Debug|Any CPU
		{E6815A05-9EAF-4B6F-A185-4779CA2703A0}.Release|Any CPU.ActiveCfg = Release|Any CPU
		{E6815A05-9EAF-4B6F-A185-4779CA2703A0}.Release|Any CPU.Build.0 = Release|Any CPU
		{E6815A05-9EAF-4B6F-A185-4779CA2703A0}.Release|x64.ActiveCfg = Release|Any CPU
		{E6815A05-9EAF-4B6F-A185-4779CA2703A0}.Release|x64.Build.0 = Release|Any CPU
		{E6815A05-9EAF-4B6F-A185-4779CA2703A0}.Release|x86.ActiveCfg = Release|Any CPU
		{E6815A05-9EAF-4B6F-A185-4779CA2703A0}.Release|x86.Build.0 = Release|Any CPU
		{A5A7D9D5-E7E1-4BD9-91C0-ACE9FEB04549}.Debug|Any CPU.ActiveCfg = Debug|Any CPU
		{A5A7D9D5-E7E1-4BD9-91C0-ACE9FEB04549}.Debug|Any CPU.Build.0 = Debug|Any CPU
		{A5A7D9D5-E7E1-4BD9-91C0-ACE9FEB04549}.Debug|x64.ActiveCfg = Debug|Any CPU
		{A5A7D9D5-E7E1-4BD9-91C0-ACE9FEB04549}.Debug|x64.Build.0 = Debug|Any CPU
		{A5A7D9D5-E7E1-4BD9-91C0-ACE9FEB04549}.Debug|x86.ActiveCfg = Debug|Any CPU
		{A5A7D9D5-E7E1-4BD9-91C0-ACE9FEB04549}.Debug|x86.Build.0 = Debug|Any CPU
		{A5A7D9D5-E7E1-4BD9-91C0-ACE9FEB04549}.Release|Any CPU.ActiveCfg = Release|Any CPU
		{A5A7D9D5-E7E1-4BD9-91C0-ACE9FEB04549}.Release|Any CPU.Build.0 = Release|Any CPU
		{A5A7D9D5-E7E1-4BD9-91C0-ACE9FEB04549}.Release|x64.ActiveCfg = Release|Any CPU
		{A5A7D9D5-E7E1-4BD9-91C0-ACE9FEB04549}.Release|x64.Build.0 = Release|Any CPU
		{A5A7D9D5-E7E1-4BD9-91C0-ACE9FEB04549}.Release|x86.ActiveCfg = Release|Any CPU
		{A5A7D9D5-E7E1-4BD9-91C0-ACE9FEB04549}.Release|x86.Build.0 = Release|Any CPU
		{5A11CE39-BE71-4690-A130-678AE89C839C}.Debug|Any CPU.ActiveCfg = Debug|Any CPU
		{5A11CE39-BE71-4690-A130-678AE89C839C}.Debug|Any CPU.Build.0 = Debug|Any CPU
		{5A11CE39-BE71-4690-A130-678AE89C839C}.Debug|x64.ActiveCfg = Debug|Any CPU
		{5A11CE39-BE71-4690-A130-678AE89C839C}.Debug|x64.Build.0 = Debug|Any CPU
		{5A11CE39-BE71-4690-A130-678AE89C839C}.Debug|x86.ActiveCfg = Debug|Any CPU
		{5A11CE39-BE71-4690-A130-678AE89C839C}.Debug|x86.Build.0 = Debug|Any CPU
		{5A11CE39-BE71-4690-A130-678AE89C839C}.Release|Any CPU.ActiveCfg = Release|Any CPU
		{5A11CE39-BE71-4690-A130-678AE89C839C}.Release|Any CPU.Build.0 = Release|Any CPU
		{5A11CE39-BE71-4690-A130-678AE89C839C}.Release|x64.ActiveCfg = Release|Any CPU
		{5A11CE39-BE71-4690-A130-678AE89C839C}.Release|x64.Build.0 = Release|Any CPU
		{5A11CE39-BE71-4690-A130-678AE89C839C}.Release|x86.ActiveCfg = Release|Any CPU
		{5A11CE39-BE71-4690-A130-678AE89C839C}.Release|x86.Build.0 = Release|Any CPU
		{B672C39D-B8A1-48DF-BF09-C5B2DAD021F2}.Debug|Any CPU.ActiveCfg = Debug|Any CPU
		{B672C39D-B8A1-48DF-BF09-C5B2DAD021F2}.Debug|Any CPU.Build.0 = Debug|Any CPU
		{B672C39D-B8A1-48DF-BF09-C5B2DAD021F2}.Debug|x64.ActiveCfg = Debug|Any CPU
		{B672C39D-B8A1-48DF-BF09-C5B2DAD021F2}.Debug|x64.Build.0 = Debug|Any CPU
		{B672C39D-B8A1-48DF-BF09-C5B2DAD021F2}.Debug|x86.ActiveCfg = Debug|Any CPU
		{B672C39D-B8A1-48DF-BF09-C5B2DAD021F2}.Debug|x86.Build.0 = Debug|Any CPU
		{B672C39D-B8A1-48DF-BF09-C5B2DAD021F2}.Release|Any CPU.ActiveCfg = Release|Any CPU
		{B672C39D-B8A1-48DF-BF09-C5B2DAD021F2}.Release|Any CPU.Build.0 = Release|Any CPU
		{B672C39D-B8A1-48DF-BF09-C5B2DAD021F2}.Release|x64.ActiveCfg = Release|Any CPU
		{B672C39D-B8A1-48DF-BF09-C5B2DAD021F2}.Release|x64.Build.0 = Release|Any CPU
		{B672C39D-B8A1-48DF-BF09-C5B2DAD021F2}.Release|x86.ActiveCfg = Release|Any CPU
		{B672C39D-B8A1-48DF-BF09-C5B2DAD021F2}.Release|x86.Build.0 = Release|Any CPU
		{02E2CBAC-3DAE-4945-A81B-87AAE8F99D66}.Debug|Any CPU.ActiveCfg = Debug|Any CPU
		{02E2CBAC-3DAE-4945-A81B-87AAE8F99D66}.Debug|Any CPU.Build.0 = Debug|Any CPU
		{02E2CBAC-3DAE-4945-A81B-87AAE8F99D66}.Debug|x64.ActiveCfg = Debug|Any CPU
		{02E2CBAC-3DAE-4945-A81B-87AAE8F99D66}.Debug|x64.Build.0 = Debug|Any CPU
		{02E2CBAC-3DAE-4945-A81B-87AAE8F99D66}.Debug|x86.ActiveCfg = Debug|Any CPU
		{02E2CBAC-3DAE-4945-A81B-87AAE8F99D66}.Debug|x86.Build.0 = Debug|Any CPU
		{02E2CBAC-3DAE-4945-A81B-87AAE8F99D66}.Release|Any CPU.ActiveCfg = Release|Any CPU
		{02E2CBAC-3DAE-4945-A81B-87AAE8F99D66}.Release|Any CPU.Build.0 = Release|Any CPU
		{02E2CBAC-3DAE-4945-A81B-87AAE8F99D66}.Release|x64.ActiveCfg = Release|Any CPU
		{02E2CBAC-3DAE-4945-A81B-87AAE8F99D66}.Release|x64.Build.0 = Release|Any CPU
		{02E2CBAC-3DAE-4945-A81B-87AAE8F99D66}.Release|x86.ActiveCfg = Release|Any CPU
		{02E2CBAC-3DAE-4945-A81B-87AAE8F99D66}.Release|x86.Build.0 = Release|Any CPU
		{2AEBBB0B-3E0C-4CDD-B1E8-D3891E2CBE47}.Debug|Any CPU.ActiveCfg = Debug|Any CPU
		{2AEBBB0B-3E0C-4CDD-B1E8-D3891E2CBE47}.Debug|Any CPU.Build.0 = Debug|Any CPU
		{2AEBBB0B-3E0C-4CDD-B1E8-D3891E2CBE47}.Debug|x64.ActiveCfg = Debug|Any CPU
		{2AEBBB0B-3E0C-4CDD-B1E8-D3891E2CBE47}.Debug|x64.Build.0 = Debug|Any CPU
		{2AEBBB0B-3E0C-4CDD-B1E8-D3891E2CBE47}.Debug|x86.ActiveCfg = Debug|Any CPU
		{2AEBBB0B-3E0C-4CDD-B1E8-D3891E2CBE47}.Debug|x86.Build.0 = Debug|Any CPU
		{2AEBBB0B-3E0C-4CDD-B1E8-D3891E2CBE47}.Release|Any CPU.ActiveCfg = Release|Any CPU
		{2AEBBB0B-3E0C-4CDD-B1E8-D3891E2CBE47}.Release|Any CPU.Build.0 = Release|Any CPU
		{2AEBBB0B-3E0C-4CDD-B1E8-D3891E2CBE47}.Release|x64.ActiveCfg = Release|Any CPU
		{2AEBBB0B-3E0C-4CDD-B1E8-D3891E2CBE47}.Release|x64.Build.0 = Release|Any CPU
		{2AEBBB0B-3E0C-4CDD-B1E8-D3891E2CBE47}.Release|x86.ActiveCfg = Release|Any CPU
		{2AEBBB0B-3E0C-4CDD-B1E8-D3891E2CBE47}.Release|x86.Build.0 = Release|Any CPU
		{CDE0CE27-EC4B-4BCE-B9D9-BAE6564BE8AE}.Debug|Any CPU.ActiveCfg = Debug|Any CPU
		{CDE0CE27-EC4B-4BCE-B9D9-BAE6564BE8AE}.Debug|Any CPU.Build.0 = Debug|Any CPU
		{CDE0CE27-EC4B-4BCE-B9D9-BAE6564BE8AE}.Debug|x64.ActiveCfg = Debug|Any CPU
		{CDE0CE27-EC4B-4BCE-B9D9-BAE6564BE8AE}.Debug|x64.Build.0 = Debug|Any CPU
		{CDE0CE27-EC4B-4BCE-B9D9-BAE6564BE8AE}.Debug|x86.ActiveCfg = Debug|Any CPU
		{CDE0CE27-EC4B-4BCE-B9D9-BAE6564BE8AE}.Debug|x86.Build.0 = Debug|Any CPU
		{CDE0CE27-EC4B-4BCE-B9D9-BAE6564BE8AE}.Release|Any CPU.ActiveCfg = Release|Any CPU
		{CDE0CE27-EC4B-4BCE-B9D9-BAE6564BE8AE}.Release|Any CPU.Build.0 = Release|Any CPU
		{CDE0CE27-EC4B-4BCE-B9D9-BAE6564BE8AE}.Release|x64.ActiveCfg = Release|Any CPU
		{CDE0CE27-EC4B-4BCE-B9D9-BAE6564BE8AE}.Release|x64.Build.0 = Release|Any CPU
		{CDE0CE27-EC4B-4BCE-B9D9-BAE6564BE8AE}.Release|x86.ActiveCfg = Release|Any CPU
		{CDE0CE27-EC4B-4BCE-B9D9-BAE6564BE8AE}.Release|x86.Build.0 = Release|Any CPU
		{86DCC08F-F0B8-444B-A72D-645A2903E9B1}.Debug|Any CPU.ActiveCfg = Debug|Any CPU
		{86DCC08F-F0B8-444B-A72D-645A2903E9B1}.Debug|Any CPU.Build.0 = Debug|Any CPU
		{86DCC08F-F0B8-444B-A72D-645A2903E9B1}.Debug|x64.ActiveCfg = Debug|Any CPU
		{86DCC08F-F0B8-444B-A72D-645A2903E9B1}.Debug|x64.Build.0 = Debug|Any CPU
		{86DCC08F-F0B8-444B-A72D-645A2903E9B1}.Debug|x86.ActiveCfg = Debug|Any CPU
		{86DCC08F-F0B8-444B-A72D-645A2903E9B1}.Debug|x86.Build.0 = Debug|Any CPU
		{86DCC08F-F0B8-444B-A72D-645A2903E9B1}.Release|Any CPU.ActiveCfg = Release|Any CPU
		{86DCC08F-F0B8-444B-A72D-645A2903E9B1}.Release|Any CPU.Build.0 = Release|Any CPU
		{86DCC08F-F0B8-444B-A72D-645A2903E9B1}.Release|x64.ActiveCfg = Release|Any CPU
		{86DCC08F-F0B8-444B-A72D-645A2903E9B1}.Release|x64.Build.0 = Release|Any CPU
		{86DCC08F-F0B8-444B-A72D-645A2903E9B1}.Release|x86.ActiveCfg = Release|Any CPU
		{86DCC08F-F0B8-444B-A72D-645A2903E9B1}.Release|x86.Build.0 = Release|Any CPU
		{F908B094-109F-4980-8375-715FFF200595}.Debug|Any CPU.ActiveCfg = Debug|Any CPU
		{F908B094-109F-4980-8375-715FFF200595}.Debug|Any CPU.Build.0 = Debug|Any CPU
		{F908B094-109F-4980-8375-715FFF200595}.Debug|x64.ActiveCfg = Debug|Any CPU
		{F908B094-109F-4980-8375-715FFF200595}.Debug|x64.Build.0 = Debug|Any CPU
		{F908B094-109F-4980-8375-715FFF200595}.Debug|x86.ActiveCfg = Debug|Any CPU
		{F908B094-109F-4980-8375-715FFF200595}.Debug|x86.Build.0 = Debug|Any CPU
		{F908B094-109F-4980-8375-715FFF200595}.Release|Any CPU.ActiveCfg = Release|Any CPU
		{F908B094-109F-4980-8375-715FFF200595}.Release|Any CPU.Build.0 = Release|Any CPU
		{F908B094-109F-4980-8375-715FFF200595}.Release|x64.ActiveCfg = Release|Any CPU
		{F908B094-109F-4980-8375-715FFF200595}.Release|x64.Build.0 = Release|Any CPU
		{F908B094-109F-4980-8375-715FFF200595}.Release|x86.ActiveCfg = Release|Any CPU
		{F908B094-109F-4980-8375-715FFF200595}.Release|x86.Build.0 = Release|Any CPU
		{4F72F7B6-CDC4-4FB2-B49C-1F2A636D322D}.Debug|Any CPU.ActiveCfg = Debug|Any CPU
		{4F72F7B6-CDC4-4FB2-B49C-1F2A636D322D}.Debug|Any CPU.Build.0 = Debug|Any CPU
		{4F72F7B6-CDC4-4FB2-B49C-1F2A636D322D}.Debug|x64.ActiveCfg = Debug|Any CPU
		{4F72F7B6-CDC4-4FB2-B49C-1F2A636D322D}.Debug|x64.Build.0 = Debug|Any CPU
		{4F72F7B6-CDC4-4FB2-B49C-1F2A636D322D}.Debug|x86.ActiveCfg = Debug|Any CPU
		{4F72F7B6-CDC4-4FB2-B49C-1F2A636D322D}.Debug|x86.Build.0 = Debug|Any CPU
		{4F72F7B6-CDC4-4FB2-B49C-1F2A636D322D}.Release|Any CPU.ActiveCfg = Release|Any CPU
		{4F72F7B6-CDC4-4FB2-B49C-1F2A636D322D}.Release|Any CPU.Build.0 = Release|Any CPU
		{4F72F7B6-CDC4-4FB2-B49C-1F2A636D322D}.Release|x64.ActiveCfg = Release|Any CPU
		{4F72F7B6-CDC4-4FB2-B49C-1F2A636D322D}.Release|x64.Build.0 = Release|Any CPU
		{4F72F7B6-CDC4-4FB2-B49C-1F2A636D322D}.Release|x86.ActiveCfg = Release|Any CPU
		{4F72F7B6-CDC4-4FB2-B49C-1F2A636D322D}.Release|x86.Build.0 = Release|Any CPU
		{2D8B292A-D4EC-4F70-A4E8-F859233DD7BA}.Debug|Any CPU.ActiveCfg = Debug|Any CPU
		{2D8B292A-D4EC-4F70-A4E8-F859233DD7BA}.Debug|Any CPU.Build.0 = Debug|Any CPU
		{2D8B292A-D4EC-4F70-A4E8-F859233DD7BA}.Debug|x64.ActiveCfg = Debug|Any CPU
		{2D8B292A-D4EC-4F70-A4E8-F859233DD7BA}.Debug|x64.Build.0 = Debug|Any CPU
		{2D8B292A-D4EC-4F70-A4E8-F859233DD7BA}.Debug|x86.ActiveCfg = Debug|Any CPU
		{2D8B292A-D4EC-4F70-A4E8-F859233DD7BA}.Debug|x86.Build.0 = Debug|Any CPU
		{2D8B292A-D4EC-4F70-A4E8-F859233DD7BA}.Release|Any CPU.ActiveCfg = Release|Any CPU
		{2D8B292A-D4EC-4F70-A4E8-F859233DD7BA}.Release|Any CPU.Build.0 = Release|Any CPU
		{2D8B292A-D4EC-4F70-A4E8-F859233DD7BA}.Release|x64.ActiveCfg = Release|Any CPU
		{2D8B292A-D4EC-4F70-A4E8-F859233DD7BA}.Release|x64.Build.0 = Release|Any CPU
		{2D8B292A-D4EC-4F70-A4E8-F859233DD7BA}.Release|x86.ActiveCfg = Release|Any CPU
		{2D8B292A-D4EC-4F70-A4E8-F859233DD7BA}.Release|x86.Build.0 = Release|Any CPU
		{25ADF5FE-4AE0-4321-B227-97B8595DC553}.Debug|Any CPU.ActiveCfg = Debug|Any CPU
		{25ADF5FE-4AE0-4321-B227-97B8595DC553}.Debug|Any CPU.Build.0 = Debug|Any CPU
		{25ADF5FE-4AE0-4321-B227-97B8595DC553}.Debug|x64.ActiveCfg = Debug|Any CPU
		{25ADF5FE-4AE0-4321-B227-97B8595DC553}.Debug|x64.Build.0 = Debug|Any CPU
		{25ADF5FE-4AE0-4321-B227-97B8595DC553}.Debug|x86.ActiveCfg = Debug|Any CPU
		{25ADF5FE-4AE0-4321-B227-97B8595DC553}.Debug|x86.Build.0 = Debug|Any CPU
		{25ADF5FE-4AE0-4321-B227-97B8595DC553}.Release|Any CPU.ActiveCfg = Release|Any CPU
		{25ADF5FE-4AE0-4321-B227-97B8595DC553}.Release|Any CPU.Build.0 = Release|Any CPU
		{25ADF5FE-4AE0-4321-B227-97B8595DC553}.Release|x64.ActiveCfg = Release|Any CPU
		{25ADF5FE-4AE0-4321-B227-97B8595DC553}.Release|x64.Build.0 = Release|Any CPU
		{25ADF5FE-4AE0-4321-B227-97B8595DC553}.Release|x86.ActiveCfg = Release|Any CPU
		{25ADF5FE-4AE0-4321-B227-97B8595DC553}.Release|x86.Build.0 = Release|Any CPU
		{177421D2-F790-4651-8D43-73D901E4B98A}.Debug|Any CPU.ActiveCfg = Debug|Any CPU
		{177421D2-F790-4651-8D43-73D901E4B98A}.Debug|Any CPU.Build.0 = Debug|Any CPU
		{177421D2-F790-4651-8D43-73D901E4B98A}.Debug|x64.ActiveCfg = Debug|Any CPU
		{177421D2-F790-4651-8D43-73D901E4B98A}.Debug|x64.Build.0 = Debug|Any CPU
		{177421D2-F790-4651-8D43-73D901E4B98A}.Debug|x86.ActiveCfg = Debug|Any CPU
		{177421D2-F790-4651-8D43-73D901E4B98A}.Debug|x86.Build.0 = Debug|Any CPU
		{177421D2-F790-4651-8D43-73D901E4B98A}.Release|Any CPU.ActiveCfg = Release|Any CPU
		{177421D2-F790-4651-8D43-73D901E4B98A}.Release|Any CPU.Build.0 = Release|Any CPU
		{177421D2-F790-4651-8D43-73D901E4B98A}.Release|x64.ActiveCfg = Release|Any CPU
		{177421D2-F790-4651-8D43-73D901E4B98A}.Release|x64.Build.0 = Release|Any CPU
		{177421D2-F790-4651-8D43-73D901E4B98A}.Release|x86.ActiveCfg = Release|Any CPU
		{177421D2-F790-4651-8D43-73D901E4B98A}.Release|x86.Build.0 = Release|Any CPU
		{4DA34192-BE3E-49EE-B240-19B436F8AB6A}.Debug|Any CPU.ActiveCfg = Debug|Any CPU
		{4DA34192-BE3E-49EE-B240-19B436F8AB6A}.Debug|Any CPU.Build.0 = Debug|Any CPU
		{4DA34192-BE3E-49EE-B240-19B436F8AB6A}.Debug|x64.ActiveCfg = Debug|Any CPU
		{4DA34192-BE3E-49EE-B240-19B436F8AB6A}.Debug|x64.Build.0 = Debug|Any CPU
		{4DA34192-BE3E-49EE-B240-19B436F8AB6A}.Debug|x86.ActiveCfg = Debug|Any CPU
		{4DA34192-BE3E-49EE-B240-19B436F8AB6A}.Debug|x86.Build.0 = Debug|Any CPU
		{4DA34192-BE3E-49EE-B240-19B436F8AB6A}.Release|Any CPU.ActiveCfg = Release|Any CPU
		{4DA34192-BE3E-49EE-B240-19B436F8AB6A}.Release|Any CPU.Build.0 = Release|Any CPU
		{4DA34192-BE3E-49EE-B240-19B436F8AB6A}.Release|x64.ActiveCfg = Release|Any CPU
		{4DA34192-BE3E-49EE-B240-19B436F8AB6A}.Release|x64.Build.0 = Release|Any CPU
		{4DA34192-BE3E-49EE-B240-19B436F8AB6A}.Release|x86.ActiveCfg = Release|Any CPU
		{4DA34192-BE3E-49EE-B240-19B436F8AB6A}.Release|x86.Build.0 = Release|Any CPU
		{2A4DDC1A-3E9B-46E3-9199-ACD27E5C3199}.Debug|Any CPU.ActiveCfg = Debug|Any CPU
		{2A4DDC1A-3E9B-46E3-9199-ACD27E5C3199}.Debug|Any CPU.Build.0 = Debug|Any CPU
		{2A4DDC1A-3E9B-46E3-9199-ACD27E5C3199}.Debug|x64.ActiveCfg = Debug|Any CPU
		{2A4DDC1A-3E9B-46E3-9199-ACD27E5C3199}.Debug|x64.Build.0 = Debug|Any CPU
		{2A4DDC1A-3E9B-46E3-9199-ACD27E5C3199}.Debug|x86.ActiveCfg = Debug|Any CPU
		{2A4DDC1A-3E9B-46E3-9199-ACD27E5C3199}.Debug|x86.Build.0 = Debug|Any CPU
		{2A4DDC1A-3E9B-46E3-9199-ACD27E5C3199}.Release|Any CPU.ActiveCfg = Release|Any CPU
		{2A4DDC1A-3E9B-46E3-9199-ACD27E5C3199}.Release|Any CPU.Build.0 = Release|Any CPU
		{2A4DDC1A-3E9B-46E3-9199-ACD27E5C3199}.Release|x64.ActiveCfg = Release|Any CPU
		{2A4DDC1A-3E9B-46E3-9199-ACD27E5C3199}.Release|x64.Build.0 = Release|Any CPU
		{2A4DDC1A-3E9B-46E3-9199-ACD27E5C3199}.Release|x86.ActiveCfg = Release|Any CPU
		{2A4DDC1A-3E9B-46E3-9199-ACD27E5C3199}.Release|x86.Build.0 = Release|Any CPU
		{78A1B56F-4742-4CB7-AB83-92C9ABE9C273}.Debug|Any CPU.ActiveCfg = Debug|Any CPU
		{78A1B56F-4742-4CB7-AB83-92C9ABE9C273}.Debug|Any CPU.Build.0 = Debug|Any CPU
		{78A1B56F-4742-4CB7-AB83-92C9ABE9C273}.Debug|x64.ActiveCfg = Debug|Any CPU
		{78A1B56F-4742-4CB7-AB83-92C9ABE9C273}.Debug|x64.Build.0 = Debug|Any CPU
		{78A1B56F-4742-4CB7-AB83-92C9ABE9C273}.Debug|x86.ActiveCfg = Debug|Any CPU
		{78A1B56F-4742-4CB7-AB83-92C9ABE9C273}.Debug|x86.Build.0 = Debug|Any CPU
		{78A1B56F-4742-4CB7-AB83-92C9ABE9C273}.Release|Any CPU.ActiveCfg = Release|Any CPU
		{78A1B56F-4742-4CB7-AB83-92C9ABE9C273}.Release|Any CPU.Build.0 = Release|Any CPU
		{78A1B56F-4742-4CB7-AB83-92C9ABE9C273}.Release|x64.ActiveCfg = Release|Any CPU
		{78A1B56F-4742-4CB7-AB83-92C9ABE9C273}.Release|x64.Build.0 = Release|Any CPU
		{78A1B56F-4742-4CB7-AB83-92C9ABE9C273}.Release|x86.ActiveCfg = Release|Any CPU
		{78A1B56F-4742-4CB7-AB83-92C9ABE9C273}.Release|x86.Build.0 = Release|Any CPU
		{EE15F4B5-5E2E-4B28-AAE3-75668C5E4BC4}.Debug|Any CPU.ActiveCfg = Debug|Any CPU
		{EE15F4B5-5E2E-4B28-AAE3-75668C5E4BC4}.Debug|Any CPU.Build.0 = Debug|Any CPU
		{EE15F4B5-5E2E-4B28-AAE3-75668C5E4BC4}.Debug|x64.ActiveCfg = Debug|Any CPU
		{EE15F4B5-5E2E-4B28-AAE3-75668C5E4BC4}.Debug|x64.Build.0 = Debug|Any CPU
		{EE15F4B5-5E2E-4B28-AAE3-75668C5E4BC4}.Debug|x86.ActiveCfg = Debug|Any CPU
		{EE15F4B5-5E2E-4B28-AAE3-75668C5E4BC4}.Debug|x86.Build.0 = Debug|Any CPU
		{EE15F4B5-5E2E-4B28-AAE3-75668C5E4BC4}.Release|Any CPU.ActiveCfg = Release|Any CPU
		{EE15F4B5-5E2E-4B28-AAE3-75668C5E4BC4}.Release|Any CPU.Build.0 = Release|Any CPU
		{EE15F4B5-5E2E-4B28-AAE3-75668C5E4BC4}.Release|x64.ActiveCfg = Release|Any CPU
		{EE15F4B5-5E2E-4B28-AAE3-75668C5E4BC4}.Release|x64.Build.0 = Release|Any CPU
		{EE15F4B5-5E2E-4B28-AAE3-75668C5E4BC4}.Release|x86.ActiveCfg = Release|Any CPU
		{EE15F4B5-5E2E-4B28-AAE3-75668C5E4BC4}.Release|x86.Build.0 = Release|Any CPU
		{1EA29E74-54ED-4A36-B26C-179A64565E02}.Debug|Any CPU.ActiveCfg = Debug|Any CPU
		{1EA29E74-54ED-4A36-B26C-179A64565E02}.Debug|Any CPU.Build.0 = Debug|Any CPU
		{1EA29E74-54ED-4A36-B26C-179A64565E02}.Debug|x64.ActiveCfg = Debug|Any CPU
		{1EA29E74-54ED-4A36-B26C-179A64565E02}.Debug|x64.Build.0 = Debug|Any CPU
		{1EA29E74-54ED-4A36-B26C-179A64565E02}.Debug|x86.ActiveCfg = Debug|Any CPU
		{1EA29E74-54ED-4A36-B26C-179A64565E02}.Debug|x86.Build.0 = Debug|Any CPU
		{1EA29E74-54ED-4A36-B26C-179A64565E02}.Release|Any CPU.ActiveCfg = Release|Any CPU
		{1EA29E74-54ED-4A36-B26C-179A64565E02}.Release|Any CPU.Build.0 = Release|Any CPU
		{1EA29E74-54ED-4A36-B26C-179A64565E02}.Release|x64.ActiveCfg = Release|Any CPU
		{1EA29E74-54ED-4A36-B26C-179A64565E02}.Release|x64.Build.0 = Release|Any CPU
		{1EA29E74-54ED-4A36-B26C-179A64565E02}.Release|x86.ActiveCfg = Release|Any CPU
		{1EA29E74-54ED-4A36-B26C-179A64565E02}.Release|x86.Build.0 = Release|Any CPU
		{15677ED8-088A-42DA-A9DB-68CE196BC741}.Debug|Any CPU.ActiveCfg = Debug|Any CPU
		{15677ED8-088A-42DA-A9DB-68CE196BC741}.Debug|Any CPU.Build.0 = Debug|Any CPU
		{15677ED8-088A-42DA-A9DB-68CE196BC741}.Debug|x64.ActiveCfg = Debug|Any CPU
		{15677ED8-088A-42DA-A9DB-68CE196BC741}.Debug|x64.Build.0 = Debug|Any CPU
		{15677ED8-088A-42DA-A9DB-68CE196BC741}.Debug|x86.ActiveCfg = Debug|Any CPU
		{15677ED8-088A-42DA-A9DB-68CE196BC741}.Debug|x86.Build.0 = Debug|Any CPU
		{15677ED8-088A-42DA-A9DB-68CE196BC741}.Release|Any CPU.ActiveCfg = Release|Any CPU
		{15677ED8-088A-42DA-A9DB-68CE196BC741}.Release|Any CPU.Build.0 = Release|Any CPU
		{15677ED8-088A-42DA-A9DB-68CE196BC741}.Release|x64.ActiveCfg = Release|Any CPU
		{15677ED8-088A-42DA-A9DB-68CE196BC741}.Release|x64.Build.0 = Release|Any CPU
		{15677ED8-088A-42DA-A9DB-68CE196BC741}.Release|x86.ActiveCfg = Release|Any CPU
		{15677ED8-088A-42DA-A9DB-68CE196BC741}.Release|x86.Build.0 = Release|Any CPU
		{16B97F97-6706-4FC5-AF72-F97383CB6DC9}.Debug|Any CPU.ActiveCfg = Debug|Any CPU
		{16B97F97-6706-4FC5-AF72-F97383CB6DC9}.Debug|Any CPU.Build.0 = Debug|Any CPU
		{16B97F97-6706-4FC5-AF72-F97383CB6DC9}.Debug|x64.ActiveCfg = Debug|Any CPU
		{16B97F97-6706-4FC5-AF72-F97383CB6DC9}.Debug|x64.Build.0 = Debug|Any CPU
		{16B97F97-6706-4FC5-AF72-F97383CB6DC9}.Debug|x86.ActiveCfg = Debug|Any CPU
		{16B97F97-6706-4FC5-AF72-F97383CB6DC9}.Debug|x86.Build.0 = Debug|Any CPU
		{16B97F97-6706-4FC5-AF72-F97383CB6DC9}.Release|Any CPU.ActiveCfg = Release|Any CPU
		{16B97F97-6706-4FC5-AF72-F97383CB6DC9}.Release|Any CPU.Build.0 = Release|Any CPU
		{16B97F97-6706-4FC5-AF72-F97383CB6DC9}.Release|x64.ActiveCfg = Release|Any CPU
		{16B97F97-6706-4FC5-AF72-F97383CB6DC9}.Release|x64.Build.0 = Release|Any CPU
		{16B97F97-6706-4FC5-AF72-F97383CB6DC9}.Release|x86.ActiveCfg = Release|Any CPU
		{16B97F97-6706-4FC5-AF72-F97383CB6DC9}.Release|x86.Build.0 = Release|Any CPU
		{9B92567A-7936-44BF-939E-7C47758FB928}.Debug|Any CPU.ActiveCfg = Debug|Any CPU
		{9B92567A-7936-44BF-939E-7C47758FB928}.Debug|Any CPU.Build.0 = Debug|Any CPU
		{9B92567A-7936-44BF-939E-7C47758FB928}.Debug|x64.ActiveCfg = Debug|Any CPU
		{9B92567A-7936-44BF-939E-7C47758FB928}.Debug|x64.Build.0 = Debug|Any CPU
		{9B92567A-7936-44BF-939E-7C47758FB928}.Debug|x86.ActiveCfg = Debug|Any CPU
		{9B92567A-7936-44BF-939E-7C47758FB928}.Debug|x86.Build.0 = Debug|Any CPU
		{9B92567A-7936-44BF-939E-7C47758FB928}.Release|Any CPU.ActiveCfg = Release|Any CPU
		{9B92567A-7936-44BF-939E-7C47758FB928}.Release|Any CPU.Build.0 = Release|Any CPU
		{9B92567A-7936-44BF-939E-7C47758FB928}.Release|x64.ActiveCfg = Release|Any CPU
		{9B92567A-7936-44BF-939E-7C47758FB928}.Release|x64.Build.0 = Release|Any CPU
		{9B92567A-7936-44BF-939E-7C47758FB928}.Release|x86.ActiveCfg = Release|Any CPU
		{9B92567A-7936-44BF-939E-7C47758FB928}.Release|x86.Build.0 = Release|Any CPU
		{1F3E1EEF-9E03-4E54-9868-D23E86687DF0}.Debug|Any CPU.ActiveCfg = Debug|Any CPU
		{1F3E1EEF-9E03-4E54-9868-D23E86687DF0}.Debug|Any CPU.Build.0 = Debug|Any CPU
		{1F3E1EEF-9E03-4E54-9868-D23E86687DF0}.Debug|x64.ActiveCfg = Debug|Any CPU
		{1F3E1EEF-9E03-4E54-9868-D23E86687DF0}.Debug|x64.Build.0 = Debug|Any CPU
		{1F3E1EEF-9E03-4E54-9868-D23E86687DF0}.Debug|x86.ActiveCfg = Debug|Any CPU
		{1F3E1EEF-9E03-4E54-9868-D23E86687DF0}.Debug|x86.Build.0 = Debug|Any CPU
		{1F3E1EEF-9E03-4E54-9868-D23E86687DF0}.Release|Any CPU.ActiveCfg = Release|Any CPU
		{1F3E1EEF-9E03-4E54-9868-D23E86687DF0}.Release|Any CPU.Build.0 = Release|Any CPU
		{1F3E1EEF-9E03-4E54-9868-D23E86687DF0}.Release|x64.ActiveCfg = Release|Any CPU
		{1F3E1EEF-9E03-4E54-9868-D23E86687DF0}.Release|x64.Build.0 = Release|Any CPU
		{1F3E1EEF-9E03-4E54-9868-D23E86687DF0}.Release|x86.ActiveCfg = Release|Any CPU
		{1F3E1EEF-9E03-4E54-9868-D23E86687DF0}.Release|x86.Build.0 = Release|Any CPU
		{2F9CA5F7-A925-4BB1-BE22-E855028E37B9}.Debug|Any CPU.ActiveCfg = Debug|Any CPU
		{2F9CA5F7-A925-4BB1-BE22-E855028E37B9}.Debug|Any CPU.Build.0 = Debug|Any CPU
		{2F9CA5F7-A925-4BB1-BE22-E855028E37B9}.Debug|x64.ActiveCfg = Debug|Any CPU
		{2F9CA5F7-A925-4BB1-BE22-E855028E37B9}.Debug|x64.Build.0 = Debug|Any CPU
		{2F9CA5F7-A925-4BB1-BE22-E855028E37B9}.Debug|x86.ActiveCfg = Debug|Any CPU
		{2F9CA5F7-A925-4BB1-BE22-E855028E37B9}.Debug|x86.Build.0 = Debug|Any CPU
		{2F9CA5F7-A925-4BB1-BE22-E855028E37B9}.Release|Any CPU.ActiveCfg = Release|Any CPU
		{2F9CA5F7-A925-4BB1-BE22-E855028E37B9}.Release|Any CPU.Build.0 = Release|Any CPU
		{2F9CA5F7-A925-4BB1-BE22-E855028E37B9}.Release|x64.ActiveCfg = Release|Any CPU
		{2F9CA5F7-A925-4BB1-BE22-E855028E37B9}.Release|x64.Build.0 = Release|Any CPU
		{2F9CA5F7-A925-4BB1-BE22-E855028E37B9}.Release|x86.ActiveCfg = Release|Any CPU
		{2F9CA5F7-A925-4BB1-BE22-E855028E37B9}.Release|x86.Build.0 = Release|Any CPU
		{76447D86-48BB-46B6-92F7-DCAFDA03AD92}.Debug|Any CPU.ActiveCfg = Debug|Any CPU
		{76447D86-48BB-46B6-92F7-DCAFDA03AD92}.Debug|Any CPU.Build.0 = Debug|Any CPU
		{76447D86-48BB-46B6-92F7-DCAFDA03AD92}.Debug|x64.ActiveCfg = Debug|Any CPU
		{76447D86-48BB-46B6-92F7-DCAFDA03AD92}.Debug|x64.Build.0 = Debug|Any CPU
		{76447D86-48BB-46B6-92F7-DCAFDA03AD92}.Debug|x86.ActiveCfg = Debug|Any CPU
		{76447D86-48BB-46B6-92F7-DCAFDA03AD92}.Debug|x86.Build.0 = Debug|Any CPU
		{76447D86-48BB-46B6-92F7-DCAFDA03AD92}.Release|Any CPU.ActiveCfg = Release|Any CPU
		{76447D86-48BB-46B6-92F7-DCAFDA03AD92}.Release|Any CPU.Build.0 = Release|Any CPU
		{76447D86-48BB-46B6-92F7-DCAFDA03AD92}.Release|x64.ActiveCfg = Release|Any CPU
		{76447D86-48BB-46B6-92F7-DCAFDA03AD92}.Release|x64.Build.0 = Release|Any CPU
		{76447D86-48BB-46B6-92F7-DCAFDA03AD92}.Release|x86.ActiveCfg = Release|Any CPU
		{76447D86-48BB-46B6-92F7-DCAFDA03AD92}.Release|x86.Build.0 = Release|Any CPU
		{E2E46793-EA12-4ACE-99E3-1499A408C329}.Debug|Any CPU.ActiveCfg = Debug|Any CPU
		{E2E46793-EA12-4ACE-99E3-1499A408C329}.Debug|Any CPU.Build.0 = Debug|Any CPU
		{E2E46793-EA12-4ACE-99E3-1499A408C329}.Debug|x64.ActiveCfg = Debug|Any CPU
		{E2E46793-EA12-4ACE-99E3-1499A408C329}.Debug|x64.Build.0 = Debug|Any CPU
		{E2E46793-EA12-4ACE-99E3-1499A408C329}.Debug|x86.ActiveCfg = Debug|Any CPU
		{E2E46793-EA12-4ACE-99E3-1499A408C329}.Debug|x86.Build.0 = Debug|Any CPU
		{E2E46793-EA12-4ACE-99E3-1499A408C329}.Release|Any CPU.ActiveCfg = Release|Any CPU
		{E2E46793-EA12-4ACE-99E3-1499A408C329}.Release|Any CPU.Build.0 = Release|Any CPU
		{E2E46793-EA12-4ACE-99E3-1499A408C329}.Release|x64.ActiveCfg = Release|Any CPU
		{E2E46793-EA12-4ACE-99E3-1499A408C329}.Release|x64.Build.0 = Release|Any CPU
		{E2E46793-EA12-4ACE-99E3-1499A408C329}.Release|x86.ActiveCfg = Release|Any CPU
		{E2E46793-EA12-4ACE-99E3-1499A408C329}.Release|x86.Build.0 = Release|Any CPU
		{4B537319-D258-4B7F-825A-922CAC44CD17}.Debug|Any CPU.ActiveCfg = Debug|Any CPU
		{4B537319-D258-4B7F-825A-922CAC44CD17}.Debug|Any CPU.Build.0 = Debug|Any CPU
		{4B537319-D258-4B7F-825A-922CAC44CD17}.Debug|x64.ActiveCfg = Debug|Any CPU
		{4B537319-D258-4B7F-825A-922CAC44CD17}.Debug|x64.Build.0 = Debug|Any CPU
		{4B537319-D258-4B7F-825A-922CAC44CD17}.Debug|x86.ActiveCfg = Debug|Any CPU
		{4B537319-D258-4B7F-825A-922CAC44CD17}.Debug|x86.Build.0 = Debug|Any CPU
		{4B537319-D258-4B7F-825A-922CAC44CD17}.Release|Any CPU.ActiveCfg = Release|Any CPU
		{4B537319-D258-4B7F-825A-922CAC44CD17}.Release|Any CPU.Build.0 = Release|Any CPU
		{4B537319-D258-4B7F-825A-922CAC44CD17}.Release|x64.ActiveCfg = Release|Any CPU
		{4B537319-D258-4B7F-825A-922CAC44CD17}.Release|x64.Build.0 = Release|Any CPU
		{4B537319-D258-4B7F-825A-922CAC44CD17}.Release|x86.ActiveCfg = Release|Any CPU
		{4B537319-D258-4B7F-825A-922CAC44CD17}.Release|x86.Build.0 = Release|Any CPU
		{4FCD7155-6626-4236-9C35-B8B10A438772}.Debug|Any CPU.ActiveCfg = Debug|Any CPU
		{4FCD7155-6626-4236-9C35-B8B10A438772}.Debug|Any CPU.Build.0 = Debug|Any CPU
		{4FCD7155-6626-4236-9C35-B8B10A438772}.Debug|x64.ActiveCfg = Debug|Any CPU
		{4FCD7155-6626-4236-9C35-B8B10A438772}.Debug|x64.Build.0 = Debug|Any CPU
		{4FCD7155-6626-4236-9C35-B8B10A438772}.Debug|x86.ActiveCfg = Debug|Any CPU
		{4FCD7155-6626-4236-9C35-B8B10A438772}.Debug|x86.Build.0 = Debug|Any CPU
		{4FCD7155-6626-4236-9C35-B8B10A438772}.Release|Any CPU.ActiveCfg = Release|Any CPU
		{4FCD7155-6626-4236-9C35-B8B10A438772}.Release|Any CPU.Build.0 = Release|Any CPU
		{4FCD7155-6626-4236-9C35-B8B10A438772}.Release|x64.ActiveCfg = Release|Any CPU
		{4FCD7155-6626-4236-9C35-B8B10A438772}.Release|x64.Build.0 = Release|Any CPU
		{4FCD7155-6626-4236-9C35-B8B10A438772}.Release|x86.ActiveCfg = Release|Any CPU
		{4FCD7155-6626-4236-9C35-B8B10A438772}.Release|x86.Build.0 = Release|Any CPU
		{1617B984-5915-4970-A53D-EA78E76F21A1}.Debug|Any CPU.ActiveCfg = Debug|Any CPU
		{1617B984-5915-4970-A53D-EA78E76F21A1}.Debug|Any CPU.Build.0 = Debug|Any CPU
		{1617B984-5915-4970-A53D-EA78E76F21A1}.Debug|x64.ActiveCfg = Debug|Any CPU
		{1617B984-5915-4970-A53D-EA78E76F21A1}.Debug|x64.Build.0 = Debug|Any CPU
		{1617B984-5915-4970-A53D-EA78E76F21A1}.Debug|x86.ActiveCfg = Debug|Any CPU
		{1617B984-5915-4970-A53D-EA78E76F21A1}.Debug|x86.Build.0 = Debug|Any CPU
		{1617B984-5915-4970-A53D-EA78E76F21A1}.Release|Any CPU.ActiveCfg = Release|Any CPU
		{1617B984-5915-4970-A53D-EA78E76F21A1}.Release|Any CPU.Build.0 = Release|Any CPU
		{1617B984-5915-4970-A53D-EA78E76F21A1}.Release|x64.ActiveCfg = Release|Any CPU
		{1617B984-5915-4970-A53D-EA78E76F21A1}.Release|x64.Build.0 = Release|Any CPU
		{1617B984-5915-4970-A53D-EA78E76F21A1}.Release|x86.ActiveCfg = Release|Any CPU
		{1617B984-5915-4970-A53D-EA78E76F21A1}.Release|x86.Build.0 = Release|Any CPU
	EndGlobalSection
	GlobalSection(SolutionProperties) = preSolution
		HideSolutionNode = FALSE
	EndGlobalSection
	GlobalSection(NestedProjects) = preSolution
		{58D3A2C3-F96F-5E57-2C6B-ECE59D6A18FC} = {827E0CD3-B72D-47B6-A68D-7590B98EB39B}
		{E01A6BE9-FAF3-44C2-8162-C205CDB1B09E} = {58D3A2C3-F96F-5E57-2C6B-ECE59D6A18FC}
		{A68756C1-1F17-FB0A-6708-BC0B4678B5F6} = {827E0CD3-B72D-47B6-A68D-7590B98EB39B}
		{C31BC7F0-C1C3-4881-91A2-DEE3D2AF9E57} = {A68756C1-1F17-FB0A-6708-BC0B4678B5F6}
		{C8E42992-5E42-0C2B-DBFE-AA848D06431C} = {827E0CD3-B72D-47B6-A68D-7590B98EB39B}
		{3FAEEB3C-3A64-45E7-B952-3B1682EC63C0} = {C8E42992-5E42-0C2B-DBFE-AA848D06431C}
		{1D799BF7-942C-4FE5-8956-182BCB9577F2} = {58D3A2C3-F96F-5E57-2C6B-ECE59D6A18FC}
		{AC965C34-8256-42B8-BE70-90369D5265AE} = {58D3A2C3-F96F-5E57-2C6B-ECE59D6A18FC}
		{787A4E99-8A6A-432E-BC18-5717FB79D8B4} = {58D3A2C3-F96F-5E57-2C6B-ECE59D6A18FC}
		{8FF177F0-D828-4DBF-A361-C5E9B6A9DFA9} = {58D3A2C3-F96F-5E57-2C6B-ECE59D6A18FC}
		{19DD6B80-852B-4E6E-AEEA-6FA80292398F} = {58D3A2C3-F96F-5E57-2C6B-ECE59D6A18FC}
		{1C6CE62D-A66D-4084-8394-50965C8ED789} = {58D3A2C3-F96F-5E57-2C6B-ECE59D6A18FC}
		{0F90CA61-71D4-4211-B5DD-4990E5A9B2E0} = {58D3A2C3-F96F-5E57-2C6B-ECE59D6A18FC}
		{9FD908FD-9135-429E-B6DE-17B574BF63D6} = {58D3A2C3-F96F-5E57-2C6B-ECE59D6A18FC}
		{A6525ECC-BEA2-41D6-A766-4330B96E473F} = {58D3A2C3-F96F-5E57-2C6B-ECE59D6A18FC}
		{E6815A05-9EAF-4B6F-A185-4779CA2703A0} = {58D3A2C3-F96F-5E57-2C6B-ECE59D6A18FC}
		{A5A7D9D5-E7E1-4BD9-91C0-ACE9FEB04549} = {58D3A2C3-F96F-5E57-2C6B-ECE59D6A18FC}
		{5A11CE39-BE71-4690-A130-678AE89C839C} = {A68756C1-1F17-FB0A-6708-BC0B4678B5F6}
		{B672C39D-B8A1-48DF-BF09-C5B2DAD021F2} = {C8E42992-5E42-0C2B-DBFE-AA848D06431C}
		{02E2CBAC-3DAE-4945-A81B-87AAE8F99D66} = {C8E42992-5E42-0C2B-DBFE-AA848D06431C}
		{2AEBBB0B-3E0C-4CDD-B1E8-D3891E2CBE47} = {C8E42992-5E42-0C2B-DBFE-AA848D06431C}
		{CDE0CE27-EC4B-4BCE-B9D9-BAE6564BE8AE} = {C8E42992-5E42-0C2B-DBFE-AA848D06431C}
		{984BB9B3-3FA3-BE33-9484-CAC21695A33C} = {827E0CD3-B72D-47B6-A68D-7590B98EB39B}
		{86DCC08F-F0B8-444B-A72D-645A2903E9B1} = {984BB9B3-3FA3-BE33-9484-CAC21695A33C}
		{F908B094-109F-4980-8375-715FFF200595} = {C8E42992-5E42-0C2B-DBFE-AA848D06431C}
		{4F72F7B6-CDC4-4FB2-B49C-1F2A636D322D} = {C8E42992-5E42-0C2B-DBFE-AA848D06431C}
		{2D8B292A-D4EC-4F70-A4E8-F859233DD7BA} = {C8E42992-5E42-0C2B-DBFE-AA848D06431C}
		{25ADF5FE-4AE0-4321-B227-97B8595DC553} = {C8E42992-5E42-0C2B-DBFE-AA848D06431C}
		{177421D2-F790-4651-8D43-73D901E4B98A} = {984BB9B3-3FA3-BE33-9484-CAC21695A33C}
		{4DA34192-BE3E-49EE-B240-19B436F8AB6A} = {984BB9B3-3FA3-BE33-9484-CAC21695A33C}
		{2A4DDC1A-3E9B-46E3-9199-ACD27E5C3199} = {984BB9B3-3FA3-BE33-9484-CAC21695A33C}
		{78A1B56F-4742-4CB7-AB83-92C9ABE9C273} = {984BB9B3-3FA3-BE33-9484-CAC21695A33C}
		{EE15F4B5-5E2E-4B28-AAE3-75668C5E4BC4} = {984BB9B3-3FA3-BE33-9484-CAC21695A33C}
		{1EA29E74-54ED-4A36-B26C-179A64565E02} = {984BB9B3-3FA3-BE33-9484-CAC21695A33C}
		{15677ED8-088A-42DA-A9DB-68CE196BC741} = {0AB3BF05-4346-4AA6-1389-037BE0695223}
		{16B97F97-6706-4FC5-AF72-F97383CB6DC9} = {0AB3BF05-4346-4AA6-1389-037BE0695223}
		{9B92567A-7936-44BF-939E-7C47758FB928} = {0AB3BF05-4346-4AA6-1389-037BE0695223}
		{1F3E1EEF-9E03-4E54-9868-D23E86687DF0} = {58D3A2C3-F96F-5E57-2C6B-ECE59D6A18FC}
		{2F9CA5F7-A925-4BB1-BE22-E855028E37B9} = {C8E42992-5E42-0C2B-DBFE-AA848D06431C}
		{76447D86-48BB-46B6-92F7-DCAFDA03AD92} = {58D3A2C3-F96F-5E57-2C6B-ECE59D6A18FC}
		{E2E46793-EA12-4ACE-99E3-1499A408C329} = {58D3A2C3-F96F-5E57-2C6B-ECE59D6A18FC}
		{4B537319-D258-4B7F-825A-922CAC44CD17} = {58D3A2C3-F96F-5E57-2C6B-ECE59D6A18FC}
		{4FCD7155-6626-4236-9C35-B8B10A438772} = {58D3A2C3-F96F-5E57-2C6B-ECE59D6A18FC}
		{1617B984-5915-4970-A53D-EA78E76F21A1} = {5854FF58-B8C5-05C6-5BF2-ACE42193F22B}
	EndGlobalSection
EndGlobal
